
Microsoft Visual Studio Solution File, Format Version 12.00
# Visual Studio 14
VisualStudioVersion = 14.0.23107.0
MinimumVisualStudioVersion = 10.0.40219.1
Project("{FAE04EC0-301F-11D3-BF4B-00C04F79EFBC}") = "ConsoleApplication1", "ConsoleApplication1\ConsoleApplication1.csproj", "{BD41B273-0D88-4C6B-8967-06B164DC3239}"
EndProject
Global
	GlobalSection(SolutionConfigurationPlatforms) = preSolution
		Debug|Any CPU = Debug|Any CPU
		Release|Any CPU = Release|Any CPU
	EndGlobalSection
	GlobalSection(ProjectConfigurationPlatforms) = postSolution
		{BD41B273-0D88-4C6B-8967-06B164DC3239}.Debug|Any CPU.ActiveCfg = Debug|Any CPU
		{BD41B273-0D88-4C6B-8967-06B164DC3239}.Debug|Any CPU.Build.0 = Debug|Any CPU
		{BD41B273-0D88-4C6B-8967-06B164DC3239}.Release|Any CPU.ActiveCfg = Release|Any CPU
		{BD41B273-0D88-4C6B-8967-06B164DC3239}.Release|Any CPU.Build.0 = Release|Any CPU
	EndGlobalSection
	GlobalSection(SolutionProperties) = preSolution
		HideSolutionNode = FALSE
	EndGlobalSection
EndGlobal
