
Microsoft Visual Studio Solution File, Format Version 12.00
# Visual Studio 14
VisualStudioVersion = 14.0.23107.0
MinimumVisualStudioVersion = 10.0.40219.1
Project("{FAE04EC0-301F-11D3-BF4B-00C04F79EFBC}") = "Graph", "graph\Graph.csproj", "{D6D1DC10-FD6F-4920-ABC7-9D04C9CAF2A7}"
EndProject
Project("{FAE04EC0-301F-11D3-BF4B-00C04F79EFBC}") = "GraphVisualization", "GraphVisualization\GraphVisualization.csproj", "{CA4106F0-1308-44D3-AF80-E23BD3222FAE}"
EndProject
Global
	GlobalSection(SolutionConfigurationPlatforms) = preSolution
		Debug|Any CPU = Debug|Any CPU
		Release|Any CPU = Release|Any CPU
	EndGlobalSection
	GlobalSection(ProjectConfigurationPlatforms) = postSolution
		{D6D1DC10-FD6F-4920-ABC7-9D04C9CAF2A7}.Debug|Any CPU.ActiveCfg = Debug|Any CPU
		{D6D1DC10-FD6F-4920-ABC7-9D04C9CAF2A7}.Debug|Any CPU.Build.0 = Debug|Any CPU
		{D6D1DC10-FD6F-4920-ABC7-9D04C9CAF2A7}.Release|Any CPU.ActiveCfg = Release|Any CPU
		{D6D1DC10-FD6F-4920-ABC7-9D04C9CAF2A7}.Release|Any CPU.Build.0 = Release|Any CPU
		{CA4106F0-1308-44D3-AF80-E23BD3222FAE}.Debug|Any CPU.ActiveCfg = Debug|Any CPU
		{CA4106F0-1308-44D3-AF80-E23BD3222FAE}.Debug|Any CPU.Build.0 = Debug|Any CPU
		{CA4106F0-1308-44D3-AF80-E23BD3222FAE}.Release|Any CPU.ActiveCfg = Release|Any CPU
		{CA4106F0-1308-44D3-AF80-E23BD3222FAE}.Release|Any CPU.Build.0 = Release|Any CPU
	EndGlobalSection
	GlobalSection(SolutionProperties) = preSolution
		HideSolutionNode = FALSE
	EndGlobalSection
EndGlobal
